
Microsoft Visual Studio Solution File, Format Version 12.00
# Visual Studio 15
VisualStudioVersion = 15.0.26124.0
MinimumVisualStudioVersion = 15.0.26124.0
Project("{2150E333-8FDC-42A3-9474-1A3956D46DE8}") = "src", "src", "{6D94DBFA-6713-4582-A2A5-6E298F19CD9F}"
EndProject
Project("{FAE04EC0-301F-11D3-BF4B-00C04F79EFBC}") = "simpleweb", "src\simpleweb\simpleweb.csproj", "{1A7157A9-FBF6-4511-AA50-111EBE21B47B}"
EndProject
Project("{2150E333-8FDC-42A3-9474-1A3956D46DE8}") = "test", "test", "{69E40DDA-B7AC-4C3C-B34A-91007A2E4C54}"
EndProject
Project("{FAE04EC0-301F-11D3-BF4B-00C04F79EFBC}") = "simpleweb.Test", "test\simpleweb.Test\simpleweb.Test.csproj", "{24B05026-04E3-42E9-9440-A9F549D1D136}"
EndProject
Project("{FAE04EC0-301F-11D3-BF4B-00C04F79EFBC}") = "zelenium", "zelenium\zelenium.csproj", "{98A1107A-428D-449A-A522-DB46020F99B1}"
EndProject
Global
	GlobalSection(SolutionConfigurationPlatforms) = preSolution
		Debug|Any CPU = Debug|Any CPU
		Debug|x64 = Debug|x64
		Debug|x86 = Debug|x86
		Release|Any CPU = Release|Any CPU
		Release|x64 = Release|x64
		Release|x86 = Release|x86
	EndGlobalSection
	GlobalSection(SolutionProperties) = preSolution
		HideSolutionNode = FALSE
	EndGlobalSection
	GlobalSection(ProjectConfigurationPlatforms) = postSolution
		{1A7157A9-FBF6-4511-AA50-111EBE21B47B}.Debug|Any CPU.ActiveCfg = Debug|Any CPU
		{1A7157A9-FBF6-4511-AA50-111EBE21B47B}.Debug|Any CPU.Build.0 = Debug|Any CPU
		{1A7157A9-FBF6-4511-AA50-111EBE21B47B}.Debug|x64.ActiveCfg = Debug|Any CPU
		{1A7157A9-FBF6-4511-AA50-111EBE21B47B}.Debug|x64.Build.0 = Debug|Any CPU
		{1A7157A9-FBF6-4511-AA50-111EBE21B47B}.Debug|x86.ActiveCfg = Debug|Any CPU
		{1A7157A9-FBF6-4511-AA50-111EBE21B47B}.Debug|x86.Build.0 = Debug|Any CPU
		{1A7157A9-FBF6-4511-AA50-111EBE21B47B}.Release|Any CPU.ActiveCfg = Release|Any CPU
		{1A7157A9-FBF6-4511-AA50-111EBE21B47B}.Release|Any CPU.Build.0 = Release|Any CPU
		{1A7157A9-FBF6-4511-AA50-111EBE21B47B}.Release|x64.ActiveCfg = Release|Any CPU
		{1A7157A9-FBF6-4511-AA50-111EBE21B47B}.Release|x64.Build.0 = Release|Any CPU
		{1A7157A9-FBF6-4511-AA50-111EBE21B47B}.Release|x86.ActiveCfg = Release|Any CPU
		{1A7157A9-FBF6-4511-AA50-111EBE21B47B}.Release|x86.Build.0 = Release|Any CPU
		{24B05026-04E3-42E9-9440-A9F549D1D136}.Debug|Any CPU.ActiveCfg = Debug|Any CPU
		{24B05026-04E3-42E9-9440-A9F549D1D136}.Debug|Any CPU.Build.0 = Debug|Any CPU
		{24B05026-04E3-42E9-9440-A9F549D1D136}.Debug|x64.ActiveCfg = Debug|Any CPU
		{24B05026-04E3-42E9-9440-A9F549D1D136}.Debug|x64.Build.0 = Debug|Any CPU
		{24B05026-04E3-42E9-9440-A9F549D1D136}.Debug|x86.ActiveCfg = Debug|Any CPU
		{24B05026-04E3-42E9-9440-A9F549D1D136}.Debug|x86.Build.0 = Debug|Any CPU
		{24B05026-04E3-42E9-9440-A9F549D1D136}.Release|Any CPU.ActiveCfg = Release|Any CPU
		{24B05026-04E3-42E9-9440-A9F549D1D136}.Release|Any CPU.Build.0 = Release|Any CPU
		{24B05026-04E3-42E9-9440-A9F549D1D136}.Release|x64.ActiveCfg = Release|Any CPU
		{24B05026-04E3-42E9-9440-A9F549D1D136}.Release|x64.Build.0 = Release|Any CPU
		{24B05026-04E3-42E9-9440-A9F549D1D136}.Release|x86.ActiveCfg = Release|Any CPU
		{24B05026-04E3-42E9-9440-A9F549D1D136}.Release|x86.Build.0 = Release|Any CPU
		{98A1107A-428D-449A-A522-DB46020F99B1}.Debug|Any CPU.ActiveCfg = Debug|Any CPU
		{98A1107A-428D-449A-A522-DB46020F99B1}.Debug|Any CPU.Build.0 = Debug|Any CPU
		{98A1107A-428D-449A-A522-DB46020F99B1}.Debug|x64.ActiveCfg = Debug|Any CPU
		{98A1107A-428D-449A-A522-DB46020F99B1}.Debug|x64.Build.0 = Debug|Any CPU
		{98A1107A-428D-449A-A522-DB46020F99B1}.Debug|x86.ActiveCfg = Debug|Any CPU
		{98A1107A-428D-449A-A522-DB46020F99B1}.Debug|x86.Build.0 = Debug|Any CPU
		{98A1107A-428D-449A-A522-DB46020F99B1}.Release|Any CPU.ActiveCfg = Release|Any CPU
		{98A1107A-428D-449A-A522-DB46020F99B1}.Release|Any CPU.Build.0 = Release|Any CPU
		{98A1107A-428D-449A-A522-DB46020F99B1}.Release|x64.ActiveCfg = Release|Any CPU
		{98A1107A-428D-449A-A522-DB46020F99B1}.Release|x64.Build.0 = Release|Any CPU
		{98A1107A-428D-449A-A522-DB46020F99B1}.Release|x86.ActiveCfg = Release|Any CPU
		{98A1107A-428D-449A-A522-DB46020F99B1}.Release|x86.Build.0 = Release|Any CPU
	EndGlobalSection
	GlobalSection(NestedProjects) = preSolution
		{1A7157A9-FBF6-4511-AA50-111EBE21B47B} = {6D94DBFA-6713-4582-A2A5-6E298F19CD9F}
		{24B05026-04E3-42E9-9440-A9F549D1D136} = {69E40DDA-B7AC-4C3C-B34A-91007A2E4C54}
	EndGlobalSection
EndGlobal
